// !$*UTF8*$!
{
	archiveVersion = 1;
	classes = {
	};
	objectVersion = 46;
	objects = {

/* Begin PBXBuildFile section */
		B628B0741F4AD8DC00CED66F /* AppDelegate.swift in Sources */ = {isa = PBXBuildFile; fileRef = B628B0731F4AD8DC00CED66F /* AppDelegate.swift */; };
		B628B0761F4AD8DC00CED66F /* ViewController.swift in Sources */ = {isa = PBXBuildFile; fileRef = B628B0751F4AD8DC00CED66F /* ViewController.swift */; };
		B628B0791F4AD8DC00CED66F /* Main.storyboard in Resources */ = {isa = PBXBuildFile; fileRef = B628B0771F4AD8DC00CED66F /* Main.storyboard */; };
		B628B07B1F4AD8DC00CED66F /* Assets.xcassets in Resources */ = {isa = PBXBuildFile; fileRef = B628B07A1F4AD8DC00CED66F /* Assets.xcassets */; };
		B628B07E1F4AD8DC00CED66F /* LaunchScreen.storyboard in Resources */ = {isa = PBXBuildFile; fileRef = B628B07C1F4AD8DC00CED66F /* LaunchScreen.storyboard */; };
/* End PBXBuildFile section */

/* Begin PBXFileReference section */
		B628B0701F4AD8DC00CED66F /* 006-字符串.app */ = {isa = PBXFileReference; explicitFileType = wrapper.application; includeInIndex = 0; path = "006-字符串.app"; sourceTree = BUILT_PRODUCTS_DIR; };
		B628B0731F4AD8DC00CED66F /* AppDelegate.swift */ = {isa = PBXFileReference; lastKnownFileType = sourcecode.swift; path = AppDelegate.swift; sourceTree = "<group>"; };
		B628B0751F4AD8DC00CED66F /* ViewController.swift */ = {isa = PBXFileReference; lastKnownFileType = sourcecode.swift; path = ViewController.swift; sourceTree = "<group>"; };
		B628B0781F4AD8DC00CED66F /* Base */ = {isa = PBXFileReference; lastKnownFileType = file.storyboard; name = Base; path = Base.lproj/Main.storyboard; sourceTree = "<group>"; };
		B628B07A1F4AD8DC00CED66F /* Assets.xcassets */ = {isa = PBXFileReference; lastKnownFileType = folder.assetcatalog; path = Assets.xcassets; sourceTree = "<group>"; };
		B628B07D1F4AD8DC00CED66F /* Base */ = {isa = PBXFileReference; lastKnownFileType = file.storyboard; name = Base; path = Base.lproj/LaunchScreen.storyboard; sourceTree = "<group>"; };
		B628B07F1F4AD8DC00CED66F /* Info.plist */ = {isa = PBXFileReference; lastKnownFileType = text.plist.xml; path = Info.plist; sourceTree = "<group>"; };
/* End PBXFileReference section */

/* Begin PBXFrameworksBuildPhase section */
		B628B06D1F4AD8DC00CED66F /* Frameworks */ = {
			isa = PBXFrameworksBuildPhase;
			buildActionMask = 2147483647;
			files = (
			);
			runOnlyForDeploymentPostprocessing = 0;
		};
/* End PBXFrameworksBuildPhase section */

/* Begin PBXGroup section */
		B628B0671F4AD8DC00CED66F = {
			isa = PBXGroup;
			children = (
				B628B0721F4AD8DC00CED66F /* 006-字符串 */,
				B628B0711F4AD8DC00CED66F /* Products */,
			);
			sourceTree = "<group>";
		};
		B628B0711F4AD8DC00CED66F /* Products */ = {
			isa = PBXGroup;
			children = (
				B628B0701F4AD8DC00CED66F /* 006-字符串.app */,
			);
			name = Products;
			sourceTree = "<group>";
		};
		B628B0721F4AD8DC00CED66F /* 006-字符串 */ = {
			isa = PBXGroup;
			children = (
				B628B0731F4AD8DC00CED66F /* AppDelegate.swift */,
				B628B0751F4AD8DC00CED66F /* ViewController.swift */,
				B628B0771F4AD8DC00CED66F /* Main.storyboard */,
				B628B07A1F4AD8DC00CED66F /* Assets.xcassets */,
				B628B07C1F4AD8DC00CED66F /* LaunchScreen.storyboard */,
				B628B07F1F4AD8DC00CED66F /* Info.plist */,
			);
			path = "006-字符串";
			sourceTree = "<group>";
		};
/* End PBXGroup section */

/* Begin PBXNativeTarget section */
		B628B06F1F4AD8DC00CED66F /* 006-字符串 */ = {
			isa = PBXNativeTarget;
			buildConfigurationList = B628B0821F4AD8DC00CED66F /* Build configuration list for PBXNativeTarget "006-字符串" */;
			buildPhases = (
				B628B06C1F4AD8DC00CED66F /* Sources */,
				B628B06D1F4AD8DC00CED66F /* Frameworks */,
				B628B06E1F4AD8DC00CED66F /* Resources */,
			);
			buildRules = (
			);
			dependencies = (
			);
			name = "006-字符串";
			productName = "006-字符串";
			productReference = B628B0701F4AD8DC00CED66F /* 006-字符串.app */;
			productType = "com.apple.product-type.application";
		};
/* End PBXNativeTarget section */

/* Begin PBXProject section */
		B628B0681F4AD8DC00CED66F /* Project object */ = {
			isa = PBXProject;
			attributes = {
				LastSwiftUpdateCheck = 0830;
				LastUpgradeCheck = 0830;
				ORGANIZATIONNAME = Yigol;
				TargetAttributes = {
					B628B06F1F4AD8DC00CED66F = {
						CreatedOnToolsVersion = 8.3.3;
						ProvisioningStyle = Automatic;
					};
				};
			};
			buildConfigurationList = B628B06B1F4AD8DC00CED66F /* Build configuration list for PBXProject "006-字符串" */;
			compatibilityVersion = "Xcode 3.2";
			developmentRegion = English;
			hasScannedForEncodings = 0;
			knownRegions = (
				en,
				Base,
			);
			mainGroup = B628B0671F4AD8DC00CED66F;
			productRefGroup = B628B0711F4AD8DC00CED66F /* Products */;
			projectDirPath = "";
			projectRoot = "";
			targets = (
				B628B06F1F4AD8DC00CED66F /* 006-字符串 */,
			);
		};
/* End PBXProject section */

/* Begin PBXResourcesBuildPhase section */
		B628B06E1F4AD8DC00CED66F /* Resources */ = {
			isa = PBXResourcesBuildPhase;
			buildActionMask = 2147483647;
			files = (
				B628B07E1F4AD8DC00CED66F /* LaunchScreen.storyboard in Resources */,
				B628B07B1F4AD8DC00CED66F /* Assets.xcassets in Resources */,
				B628B0791F4AD8DC00CED66F /* Main.storyboard in Resources */,
			);
			runOnlyForDeploymentPostprocessing = 0;
		};
/* End PBXResourcesBuildPhase section */

/* Begin PBXSourcesBuildPhase section */
		B628B06C1F4AD8DC00CED66F /* Sources */ = {
			isa = PBXSourcesBuildPhase;
			buildActionMask = 2147483647;
			files = (
				B628B0761F4AD8DC00CED66F /* ViewController.swift in Sources */,
				B628B0741F4AD8DC00CED66F /* AppDelegate.swift in Sources */,
			);
			runOnlyForDeploymentPostprocessing = 0;
		};
/* End PBXSourcesBuildPhase section */

/* Begin PBXVariantGroup section */
		B628B0771F4AD8DC00CED66F /* Main.storyboard */ = {
			isa = PBXVariantGroup;
			children = (
				B628B0781F4AD8DC00CED66F /* Base */,
			);
			name = Main.storyboard;
			sourceTree = "<group>";
		};
		B628B07C1F4AD8DC00CED66F /* LaunchScreen.storyboard */ = {
			isa = PBXVariantGroup;
			children = (
				B628B07D1F4AD8DC00CED66F /* Base */,
			);
			name = LaunchScreen.storyboard;
			sourceTree = "<group>";
		};
/* End PBXVariantGroup section */

/* Begin XCBuildConfiguration section */
		B628B0801F4AD8DC00CED66F /* Debug */ = {
			isa = XCBuildConfiguration;
			buildSettings = {
				ALWAYS_SEARCH_USER_PATHS = NO;
				CLANG_ANALYZER_NONNULL = YES;
				CLANG_ANALYZER_NUMBER_OBJECT_CONVERSION = YES_AGGRESSIVE;
				CLANG_CXX_LANGUAGE_STANDARD = "gnu++0x";
				CLANG_CXX_LIBRARY = "libc++";
				CLANG_ENABLE_MODULES = YES;
				CLANG_ENABLE_OBJC_ARC = YES;
				CLANG_WARN_BOOL_CONVERSION = YES;
				CLANG_WARN_CONSTANT_CONVERSION = YES;
				CLANG_WARN_DIRECT_OBJC_ISA_USAGE = YES_ERROR;
				CLANG_WARN_DOCUMENTATION_COMMENTS = YES;
				CLANG_WARN_EMPTY_BODY = YES;
				CLANG_WARN_ENUM_CONVERSION = YES;
				CLANG_WARN_INFINITE_RECURSION = YES;
				CLANG_WARN_INT_CONVERSION = YES;
				CLANG_WARN_OBJC_ROOT_CLASS = YES_ERROR;
				CLANG_WARN_SUSPICIOUS_MOVE = YES;
				CLANG_WARN_UNREACHABLE_CODE = YES;
				CLANG_WARN__DUPLICATE_METHOD_MATCH = YES;
				"CODE_SIGN_IDENTITY[sdk=iphoneos*]" = "iPhone Developer";
				COPY_PHASE_STRIP = NO;
				DEBUG_INFORMATION_FORMAT = dwarf;
				ENABLE_STRICT_OBJC_MSGSEND = YES;
				ENABLE_TESTABILITY = YES;
				GCC_C_LANGUAGE_STANDARD = gnu99;
				GCC_DYNAMIC_NO_PIC = NO;
				GCC_NO_COMMON_BLOCKS = YES;
				GCC_OPTIMIZATION_LEVEL = 0;
				GCC_PREPROCESSOR_DEFINITIONS = (
					"DEBUG=1",
					"$(inherited)",
				);
				GCC_WARN_64_TO_32_BIT_CONVERSION = YES;
				GCC_WARN_ABOUT_RETURN_TYPE = YES_ERROR;
				GCC_WARN_UNDECLARED_SELECTOR = YES;
				GCC_WARN_UNINITIALIZED_AUTOS = YES_AGGRESSIVE;
				GCC_WARN_UNUSED_FUNCTION = YES;
				GCC_WARN_UNUSED_VARIABLE = YES;
				IPHONEOS_DEPLOYMENT_TARGET = 10.3;
				MTL_ENABLE_DEBUG_INFO = YES;
				ONLY_ACTIVE_ARCH = YES;
				SDKROOT = iphoneos;
				SWIFT_ACTIVE_COMPILATION_CONDITIONS = DEBUG;
				SWIFT_OPTIMIZATION_LEVEL = "-Onone";
			};
			name = Debug;
		};
		B628B0811F4AD8DC00CED66F /* Release */ = {
			isa = XCBuildConfiguration;
			buildSettings = {
				ALWAYS_SEARCH_USER_PATHS = NO;
				CLANG_ANALYZER_NONNULL = YES;
				CLANG_ANALYZER_NUMBER_OBJECT_CONVERSION = YES_AGGRESSIVE;
				CLANG_CXX_LANGUAGE_STANDARD = "gnu++0x";
				CLANG_CXX_LIBRARY = "libc++";
				CLANG_ENABLE_MODULES = YES;
				CLANG_ENABLE_OBJC_ARC = YES;
				CLANG_WARN_BOOL_CONVERSION = YES;
				CLANG_WARN_CONSTANT_CONVERSION = YES;
				CLANG_WARN_DIRECT_OBJC_ISA_USAGE = YES_ERROR;
				CLANG_WARN_DOCUMENTATION_COMMENTS = YES;
				CLANG_WARN_EMPTY_BODY = YES;
				CLANG_WARN_ENUM_CONVERSION = YES;
				CLANG_WARN_INFINITE_RECURSION = YES;
				CLANG_WARN_INT_CONVERSION = YES;
				CLANG_WARN_OBJC_ROOT_CLASS = YES_ERROR;
				CLANG_WARN_SUSPICIOUS_MOVE = YES;
				CLANG_WARN_UNREACHABLE_CODE = YES;
				CLANG_WARN__DUPLICATE_METHOD_MATCH = YES;
				"CODE_SIGN_IDENTITY[sdk=iphoneos*]" = "iPhone Developer";
				COPY_PHASE_STRIP = NO;
				DEBUG_INFORMATION_FORMAT = "dwarf-with-dsym";
				ENABLE_NS_ASSERTIONS = NO;
				ENABLE_STRICT_OBJC_MSGSEND = YES;
				GCC_C_LANGUAGE_STANDARD = gnu99;
				GCC_NO_COMMON_BLOCKS = YES;
				GCC_WARN_64_TO_32_BIT_CONVERSION = YES;
				GCC_WARN_ABOUT_RETURN_TYPE = YES_ERROR;
				GCC_WARN_UNDECLARED_SELECTOR = YES;
				GCC_WARN_UNINITIALIZED_AUTOS = YES_AGGRESSIVE;
				GCC_WARN_UNUSED_FUNCTION = YES;
				GCC_WARN_UNUSED_VARIABLE = YES;
				IPHONEOS_DEPLOYMENT_TARGET = 10.3;
				MTL_ENABLE_DEBUG_INFO = NO;
				SDKROOT = iphoneos;
				SWIFT_OPTIMIZATION_LEVEL = "-Owholemodule";
				VALIDATE_PRODUCT = YES;
			};
			name = Release;
		};
		B628B0831F4AD8DC00CED66F /* Debug */ = {
			isa = XCBuildConfiguration;
			buildSettings = {
				ASSETCATALOG_COMPILER_APPICON_NAME = AppIcon;
				INFOPLIST_FILE = "006-字符串/Info.plist";
				LD_RUNPATH_SEARCH_PATHS = "$(inherited) @executable_path/Frameworks";
				PRODUCT_BUNDLE_IDENTIFIER = "com.injoinow.-06----";
				PRODUCT_NAME = "$(TARGET_NAME)";
				SWIFT_VERSION = 3.0;
			};
			name = Debug;
		};
		B628B0841F4AD8DC00CED66F /* Release */ = {
			isa = XCBuildConfiguration;
			buildSettings = {
				ASSETCATALOG_COMPILER_APPICON_NAME = AppIcon;
				INFOPLIST_FILE = "006-字符串/Info.plist";
				LD_RUNPATH_SEARCH_PATHS = "$(inherited) @executable_path/Frameworks";
				PRODUCT_BUNDLE_IDENTIFIER = "com.injoinow.-06----";
				PRODUCT_NAME = "$(TARGET_NAME)";
				SWIFT_VERSION = 3.0;
			};
			name = Release;
		};
/* End XCBuildConfiguration section */

/* Begin XCConfigurationList section */
		B628B06B1F4AD8DC00CED66F /* Build configuration list for PBXProject "006-字符串" */ = {
			isa = XCConfigurationList;
			buildConfigurations = (
				B628B0801F4AD8DC00CED66F /* Debug */,
				B628B0811F4AD8DC00CED66F /* Release */,
			);
			defaultConfigurationIsVisible = 0;
			defaultConfigurationName = Release;
		};
		B628B0821F4AD8DC00CED66F /* Build configuration list for PBXNativeTarget "006-字符串" */ = {
			isa = XCConfigurationList;
			buildConfigurations = (
				B628B0831F4AD8DC00CED66F /* Debug */,
				B628B0841F4AD8DC00CED66F /* Release */,
			);
			defaultConfigurationIsVisible = 0;
		};
/* End XCConfigurationList section */
	};
	rootObject = B628B0681F4AD8DC00CED66F /* Project object */;
}
